
Microsoft Visual Studio Solution File, Format Version 12.00
# Visual Studio Version 16
VisualStudioVersion = 16.0.29920.165
MinimumVisualStudioVersion = 10.0.40219.1
Project("{FAE04EC0-301F-11D3-BF4B-00C04F79EFBC}") = "Task2", "Task2\Task2.csproj", "{442C354C-594A-46B4-B5C3-3B1BA67CC391}"
EndProject
Global
	GlobalSection(SolutionConfigurationPlatforms) = preSolution
		Debug|Any CPU = Debug|Any CPU
		Release|Any CPU = Release|Any CPU
	EndGlobalSection
	GlobalSection(ProjectConfigurationPlatforms) = postSolution
		{442C354C-594A-46B4-B5C3-3B1BA67CC391}.Debug|Any CPU.ActiveCfg = Debug|Any CPU
		{442C354C-594A-46B4-B5C3-3B1BA67CC391}.Debug|Any CPU.Build.0 = Debug|Any CPU
		{442C354C-594A-46B4-B5C3-3B1BA67CC391}.Release|Any CPU.ActiveCfg = Release|Any CPU
		{442C354C-594A-46B4-B5C3-3B1BA67CC391}.Release|Any CPU.Build.0 = Release|Any CPU
	EndGlobalSection
	GlobalSection(SolutionProperties) = preSolution
		HideSolutionNode = FALSE
	EndGlobalSection
	GlobalSection(ExtensibilityGlobals) = postSolution
		SolutionGuid = {D4031A0E-4AA0-4A29-8FF1-D018DF306EEE}
	EndGlobalSection
EndGlobal
